
Microsoft Visual Studio Solution File, Format Version 12.00
# Visual Studio 15
VisualStudioVersion = 15.0.28307.960
MinimumVisualStudioVersion = 10.0.40219.1
Project("{FAE04EC0-301F-11D3-BF4B-00C04F79EFBC}") = "BarApp", "BarApp\BarApp.csproj", "{8B218B18-9C88-4660-A55A-207CF68CFE30}"
EndProject
Global
	GlobalSection(SolutionConfigurationPlatforms) = preSolution
		Debug|Any CPU = Debug|Any CPU
		Release|Any CPU = Release|Any CPU
	EndGlobalSection
	GlobalSection(ProjectConfigurationPlatforms) = postSolution
		{8B218B18-9C88-4660-A55A-207CF68CFE30}.Debug|Any CPU.ActiveCfg = Debug|Any CPU
		{8B218B18-9C88-4660-A55A-207CF68CFE30}.Debug|Any CPU.Build.0 = Debug|Any CPU
		{8B218B18-9C88-4660-A55A-207CF68CFE30}.Release|Any CPU.ActiveCfg = Release|Any CPU
		{8B218B18-9C88-4660-A55A-207CF68CFE30}.Release|Any CPU.Build.0 = Release|Any CPU
	EndGlobalSection
	GlobalSection(SolutionProperties) = preSolution
		HideSolutionNode = FALSE
	EndGlobalSection
	GlobalSection(ExtensibilityGlobals) = postSolution
		SolutionGuid = {BEDB9C76-3162-4C6D-B176-7E803EE38543}
	EndGlobalSection
EndGlobal
